
Microsoft Visual Studio Solution File, Format Version 12.00
# Visual Studio Version 17
VisualStudioVersion = 17.11.35312.102
MinimumVisualStudioVersion = 10.0.40219.1
Project("{FAE04EC0-301F-11D3-BF4B-00C04F79EFBC}") = "QLCHTBDD_62131904", "QLCHTBDD_62131904\QLCHTBDD_62131904.csproj", "{BA0E3B01-8136-4311-8210-B335249BCA6A}"
EndProject
Global
	GlobalSection(SolutionConfigurationPlatforms) = preSolution
		Debug|Any CPU = Debug|Any CPU
		Release|Any CPU = Release|Any CPU
	EndGlobalSection
	GlobalSection(ProjectConfigurationPlatforms) = postSolution
		{BA0E3B01-8136-4311-8210-B335249BCA6A}.Debug|Any CPU.ActiveCfg = Debug|Any CPU
		{BA0E3B01-8136-4311-8210-B335249BCA6A}.Debug|Any CPU.Build.0 = Debug|Any CPU
		{BA0E3B01-8136-4311-8210-B335249BCA6A}.Release|Any CPU.ActiveCfg = Release|Any CPU
		{BA0E3B01-8136-4311-8210-B335249BCA6A}.Release|Any CPU.Build.0 = Release|Any CPU
	EndGlobalSection
	GlobalSection(SolutionProperties) = preSolution
		HideSolutionNode = FALSE
	EndGlobalSection
	GlobalSection(ExtensibilityGlobals) = postSolution
		SolutionGuid = {89D3B7E6-E8C0-4134-9BBD-55B05A574224}
	EndGlobalSection
EndGlobal
